
Microsoft Visual Studio Solution File, Format Version 12.00
# Visual Studio 15
VisualStudioVersion = 15.0.27428.2043
MinimumVisualStudioVersion = 10.0.40219.1
Project("{8BC9CEB8-8B4A-11D0-8D11-00A0C91BC942}") = "ConsoleApplication2.0", "ConsoleApplication2.0.vcxproj", "{4D0D19A0-5950-4407-8A8A-8E5CDB90A0F1}"
EndProject
Global
	GlobalSection(SolutionConfigurationPlatforms) = preSolution
		Debug|x64 = Debug|x64
		Debug|x86 = Debug|x86
		Release|x64 = Release|x64
		Release|x86 = Release|x86
	EndGlobalSection
	GlobalSection(ProjectConfigurationPlatforms) = postSolution
		{4D0D19A0-5950-4407-8A8A-8E5CDB90A0F1}.Debug|x64.ActiveCfg = Debug|x64
		{4D0D19A0-5950-4407-8A8A-8E5CDB90A0F1}.Debug|x64.Build.0 = Debug|x64
		{4D0D19A0-5950-4407-8A8A-8E5CDB90A0F1}.Debug|x86.ActiveCfg = Debug|Win32
		{4D0D19A0-5950-4407-8A8A-8E5CDB90A0F1}.Debug|x86.Build.0 = Debug|Win32
		{4D0D19A0-5950-4407-8A8A-8E5CDB90A0F1}.Release|x64.ActiveCfg = Release|x64
		{4D0D19A0-5950-4407-8A8A-8E5CDB90A0F1}.Release|x64.Build.0 = Release|x64
		{4D0D19A0-5950-4407-8A8A-8E5CDB90A0F1}.Release|x86.ActiveCfg = Release|Win32
		{4D0D19A0-5950-4407-8A8A-8E5CDB90A0F1}.Release|x86.Build.0 = Release|Win32
	EndGlobalSection
	GlobalSection(SolutionProperties) = preSolution
		HideSolutionNode = FALSE
	EndGlobalSection
	GlobalSection(ExtensibilityGlobals) = postSolution
		SolutionGuid = {4DDBA065-084E-49A2-972B-EDBA3C4A1310}
	EndGlobalSection
EndGlobal
